
Microsoft Visual Studio Solution File, Format Version 12.00
# Visual Studio Version 16
VisualStudioVersion = 16.0.30717.126
MinimumVisualStudioVersion = 10.0.40219.1
Project("{8BC9CEB8-8B4A-11D0-8D11-00A0C91BC942}") = "CommonLib", "Project\CommonLib\CommonLib.vcxproj", "{92A3089E-208C-49A5-AAD4-2865E1D1A81F}"
EndProject
Project("{8BC9CEB8-8B4A-11D0-8D11-00A0C91BC942}") = "IocpLib", "Project\IocpLib\IocpLib.vcxproj", "{347F91B7-002F-4572-8CB3-C40E9FAA6898}"
EndProject
Project("{8BC9CEB8-8B4A-11D0-8D11-00A0C91BC942}") = "GameLib", "Project\GameLib\GameLib.vcxproj", "{8D0E27DD-17EB-4E04-BB01-DF6E93482ED2}"
EndProject
Project("{8BC9CEB8-8B4A-11D0-8D11-00A0C91BC942}") = "Dev", "Project\Dev\Dev.vcxproj", "{A7A54DE0-8119-4718-9C90-F16778B1C403}"
EndProject
Global
	GlobalSection(SolutionConfigurationPlatforms) = preSolution
		Debug|x64 = Debug|x64
		Debug|x86 = Debug|x86
		Release|x64 = Release|x64
		Release|x86 = Release|x86
	EndGlobalSection
	GlobalSection(ProjectConfigurationPlatforms) = postSolution
		{92A3089E-208C-49A5-AAD4-2865E1D1A81F}.Debug|x64.ActiveCfg = Debug|x64
		{92A3089E-208C-49A5-AAD4-2865E1D1A81F}.Debug|x64.Build.0 = Debug|x64
		{92A3089E-208C-49A5-AAD4-2865E1D1A81F}.Debug|x86.ActiveCfg = Debug|Win32
		{92A3089E-208C-49A5-AAD4-2865E1D1A81F}.Debug|x86.Build.0 = Debug|Win32
		{92A3089E-208C-49A5-AAD4-2865E1D1A81F}.Release|x64.ActiveCfg = Release|x64
		{92A3089E-208C-49A5-AAD4-2865E1D1A81F}.Release|x64.Build.0 = Release|x64
		{92A3089E-208C-49A5-AAD4-2865E1D1A81F}.Release|x86.ActiveCfg = Release|Win32
		{92A3089E-208C-49A5-AAD4-2865E1D1A81F}.Release|x86.Build.0 = Release|Win32
		{347F91B7-002F-4572-8CB3-C40E9FAA6898}.Debug|x64.ActiveCfg = Debug|x64
		{347F91B7-002F-4572-8CB3-C40E9FAA6898}.Debug|x64.Build.0 = Debug|x64
		{347F91B7-002F-4572-8CB3-C40E9FAA6898}.Debug|x86.ActiveCfg = Debug|Win32
		{347F91B7-002F-4572-8CB3-C40E9FAA6898}.Debug|x86.Build.0 = Debug|Win32
		{347F91B7-002F-4572-8CB3-C40E9FAA6898}.Release|x64.ActiveCfg = Release|x64
		{347F91B7-002F-4572-8CB3-C40E9FAA6898}.Release|x64.Build.0 = Release|x64
		{347F91B7-002F-4572-8CB3-C40E9FAA6898}.Release|x86.ActiveCfg = Release|Win32
		{347F91B7-002F-4572-8CB3-C40E9FAA6898}.Release|x86.Build.0 = Release|Win32
		{8D0E27DD-17EB-4E04-BB01-DF6E93482ED2}.Debug|x64.ActiveCfg = Debug|x64
		{8D0E27DD-17EB-4E04-BB01-DF6E93482ED2}.Debug|x64.Build.0 = Debug|x64
		{8D0E27DD-17EB-4E04-BB01-DF6E93482ED2}.Debug|x86.ActiveCfg = Debug|Win32
		{8D0E27DD-17EB-4E04-BB01-DF6E93482ED2}.Debug|x86.Build.0 = Debug|Win32
		{8D0E27DD-17EB-4E04-BB01-DF6E93482ED2}.Release|x64.ActiveCfg = Release|x64
		{8D0E27DD-17EB-4E04-BB01-DF6E93482ED2}.Release|x64.Build.0 = Release|x64
		{8D0E27DD-17EB-4E04-BB01-DF6E93482ED2}.Release|x86.ActiveCfg = Release|Win32
		{8D0E27DD-17EB-4E04-BB01-DF6E93482ED2}.Release|x86.Build.0 = Release|Win32
		{A7A54DE0-8119-4718-9C90-F16778B1C403}.Debug|x64.ActiveCfg = Debug|x64
		{A7A54DE0-8119-4718-9C90-F16778B1C403}.Debug|x64.Build.0 = Debug|x64
		{A7A54DE0-8119-4718-9C90-F16778B1C403}.Debug|x86.ActiveCfg = Debug|Win32
		{A7A54DE0-8119-4718-9C90-F16778B1C403}.Debug|x86.Build.0 = Debug|Win32
		{A7A54DE0-8119-4718-9C90-F16778B1C403}.Release|x64.ActiveCfg = Release|x64
		{A7A54DE0-8119-4718-9C90-F16778B1C403}.Release|x64.Build.0 = Release|x64
		{A7A54DE0-8119-4718-9C90-F16778B1C403}.Release|x86.ActiveCfg = Release|Win32
		{A7A54DE0-8119-4718-9C90-F16778B1C403}.Release|x86.Build.0 = Release|Win32
	EndGlobalSection
	GlobalSection(SolutionProperties) = preSolution
		HideSolutionNode = FALSE
	EndGlobalSection
	GlobalSection(ExtensibilityGlobals) = postSolution
		SolutionGuid = {C5518560-94DF-4E58-A5DB-12393A610168}
	EndGlobalSection
EndGlobal
